
Microsoft Visual Studio Solution File, Format Version 12.00
# Visual Studio Version 16
VisualStudioVersion = 16.0.30717.126
MinimumVisualStudioVersion = 10.0.40219.1
Project("{FAE04EC0-301F-11D3-BF4B-00C04F79EFBC}") = "UreJudge1038", "UreJudge1038.csproj", "{6A2304D3-B283-4973-876C-15435FF3011A}"
EndProject
Global
	GlobalSection(SolutionConfigurationPlatforms) = preSolution
		Debug|Any CPU = Debug|Any CPU
		Release|Any CPU = Release|Any CPU
	EndGlobalSection
	GlobalSection(ProjectConfigurationPlatforms) = postSolution
		{6A2304D3-B283-4973-876C-15435FF3011A}.Debug|Any CPU.ActiveCfg = Debug|Any CPU
		{6A2304D3-B283-4973-876C-15435FF3011A}.Debug|Any CPU.Build.0 = Debug|Any CPU
		{6A2304D3-B283-4973-876C-15435FF3011A}.Release|Any CPU.ActiveCfg = Release|Any CPU
		{6A2304D3-B283-4973-876C-15435FF3011A}.Release|Any CPU.Build.0 = Release|Any CPU
	EndGlobalSection
	GlobalSection(SolutionProperties) = preSolution
		HideSolutionNode = FALSE
	EndGlobalSection
	GlobalSection(ExtensibilityGlobals) = postSolution
		SolutionGuid = {03EA6878-E41A-4970-83F8-2F729B5A5BE3}
	EndGlobalSection
EndGlobal
