
Microsoft Visual Studio Solution File, Format Version 12.00
# Visual Studio Version 16
VisualStudioVersion = 16.0.30717.126
MinimumVisualStudioVersion = 10.0.40219.1
Project("{FAE04EC0-301F-11D3-BF4B-00C04F79EFBC}") = "UriJudge1035", "UriJudge1035.csproj", "{372B3818-3CE7-443E-B6DE-BC638EFF027B}"
EndProject
Global
	GlobalSection(SolutionConfigurationPlatforms) = preSolution
		Debug|Any CPU = Debug|Any CPU
		Release|Any CPU = Release|Any CPU
	EndGlobalSection
	GlobalSection(ProjectConfigurationPlatforms) = postSolution
		{372B3818-3CE7-443E-B6DE-BC638EFF027B}.Debug|Any CPU.ActiveCfg = Debug|Any CPU
		{372B3818-3CE7-443E-B6DE-BC638EFF027B}.Debug|Any CPU.Build.0 = Debug|Any CPU
		{372B3818-3CE7-443E-B6DE-BC638EFF027B}.Release|Any CPU.ActiveCfg = Release|Any CPU
		{372B3818-3CE7-443E-B6DE-BC638EFF027B}.Release|Any CPU.Build.0 = Release|Any CPU
	EndGlobalSection
	GlobalSection(SolutionProperties) = preSolution
		HideSolutionNode = FALSE
	EndGlobalSection
	GlobalSection(ExtensibilityGlobals) = postSolution
		SolutionGuid = {CD231138-8E78-46FB-80B8-B4986DBFF0F0}
	EndGlobalSection
EndGlobal
