
Microsoft Visual Studio Solution File, Format Version 12.00
# Visual Studio Version 16
VisualStudioVersion = 16.0.30717.126
MinimumVisualStudioVersion = 10.0.40219.1
Project("{FAE04EC0-301F-11D3-BF4B-00C04F79EFBC}") = "UriJudge1016", "UriJudge1016.csproj", "{801BB186-87DB-4AE5-ABDF-8F83104347BC}"
EndProject
Global
	GlobalSection(SolutionConfigurationPlatforms) = preSolution
		Debug|Any CPU = Debug|Any CPU
		Release|Any CPU = Release|Any CPU
	EndGlobalSection
	GlobalSection(ProjectConfigurationPlatforms) = postSolution
		{801BB186-87DB-4AE5-ABDF-8F83104347BC}.Debug|Any CPU.ActiveCfg = Debug|Any CPU
		{801BB186-87DB-4AE5-ABDF-8F83104347BC}.Debug|Any CPU.Build.0 = Debug|Any CPU
		{801BB186-87DB-4AE5-ABDF-8F83104347BC}.Release|Any CPU.ActiveCfg = Release|Any CPU
		{801BB186-87DB-4AE5-ABDF-8F83104347BC}.Release|Any CPU.Build.0 = Release|Any CPU
	EndGlobalSection
	GlobalSection(SolutionProperties) = preSolution
		HideSolutionNode = FALSE
	EndGlobalSection
	GlobalSection(ExtensibilityGlobals) = postSolution
		SolutionGuid = {CB34403B-D105-47A7-A866-9489A0D2436D}
	EndGlobalSection
EndGlobal
