
Microsoft Visual Studio Solution File, Format Version 12.00
# Visual Studio Version 16
VisualStudioVersion = 16.0.30717.126
MinimumVisualStudioVersion = 10.0.40219.1
Project("{FAE04EC0-301F-11D3-BF4B-00C04F79EFBC}") = "Exe003", "Exe003\Exe003.csproj", "{29DE120E-3D8D-4D37-B071-99DD25E8FA8D}"
EndProject
Global
	GlobalSection(SolutionConfigurationPlatforms) = preSolution
		Debug|Any CPU = Debug|Any CPU
		Release|Any CPU = Release|Any CPU
	EndGlobalSection
	GlobalSection(ProjectConfigurationPlatforms) = postSolution
		{29DE120E-3D8D-4D37-B071-99DD25E8FA8D}.Debug|Any CPU.ActiveCfg = Debug|Any CPU
		{29DE120E-3D8D-4D37-B071-99DD25E8FA8D}.Debug|Any CPU.Build.0 = Debug|Any CPU
		{29DE120E-3D8D-4D37-B071-99DD25E8FA8D}.Release|Any CPU.ActiveCfg = Release|Any CPU
		{29DE120E-3D8D-4D37-B071-99DD25E8FA8D}.Release|Any CPU.Build.0 = Release|Any CPU
	EndGlobalSection
	GlobalSection(SolutionProperties) = preSolution
		HideSolutionNode = FALSE
	EndGlobalSection
	GlobalSection(ExtensibilityGlobals) = postSolution
		SolutionGuid = {148A4069-4963-436E-9503-5DB6AD7CC799}
	EndGlobalSection
EndGlobal
